
Microsoft Visual Studio Solution File, Format Version 12.00
# Visual Studio 15
VisualStudioVersion = 15.0.28307.779
MinimumVisualStudioVersion = 10.0.40219.1
Project("{FAE04EC0-301F-11D3-BF4B-00C04F79EFBC}") = "Lesson7Dictionary", "Lesson7(Dictionary)\Lesson7Dictionary.csproj", "{29FDD85E-12D2-458B-BC98-C4D0C3FEDB61}"
EndProject
Project("{FAE04EC0-301F-11D3-BF4B-00C04F79EFBC}") = "Lesson7Dictionary.Tests", "Lesson7Dictionary.Tests\Lesson7Dictionary.Tests.csproj", "{7AC8972F-AE87-48B3-89C3-3D00B32F5E61}"
EndProject
Global
	GlobalSection(SolutionConfigurationPlatforms) = preSolution
		Debug|Any CPU = Debug|Any CPU
		Release|Any CPU = Release|Any CPU
	EndGlobalSection
	GlobalSection(ProjectConfigurationPlatforms) = postSolution
		{29FDD85E-12D2-458B-BC98-C4D0C3FEDB61}.Debug|Any CPU.ActiveCfg = Debug|Any CPU
		{29FDD85E-12D2-458B-BC98-C4D0C3FEDB61}.Debug|Any CPU.Build.0 = Debug|Any CPU
		{29FDD85E-12D2-458B-BC98-C4D0C3FEDB61}.Release|Any CPU.ActiveCfg = Release|Any CPU
		{29FDD85E-12D2-458B-BC98-C4D0C3FEDB61}.Release|Any CPU.Build.0 = Release|Any CPU
		{7AC8972F-AE87-48B3-89C3-3D00B32F5E61}.Debug|Any CPU.ActiveCfg = Debug|Any CPU
		{7AC8972F-AE87-48B3-89C3-3D00B32F5E61}.Debug|Any CPU.Build.0 = Debug|Any CPU
		{7AC8972F-AE87-48B3-89C3-3D00B32F5E61}.Release|Any CPU.ActiveCfg = Release|Any CPU
		{7AC8972F-AE87-48B3-89C3-3D00B32F5E61}.Release|Any CPU.Build.0 = Release|Any CPU
	EndGlobalSection
	GlobalSection(SolutionProperties) = preSolution
		HideSolutionNode = FALSE
	EndGlobalSection
	GlobalSection(ExtensibilityGlobals) = postSolution
		SolutionGuid = {59CD350F-6CB6-4CF8-BE55-CD1652FC0C85}
	EndGlobalSection
EndGlobal
