
Microsoft Visual Studio Solution File, Format Version 12.00
# Visual Studio 15
VisualStudioVersion = 15.0.28307.779
MinimumVisualStudioVersion = 10.0.40219.1
Project("{9A19103F-16F7-4668-BE54-9A1E7A4F7556}") = "LinkedList", "LinkedList\LinkedList.csproj", "{441686AE-4346-48C7-BEE2-9264DD288C7A}"
EndProject
Project("{9A19103F-16F7-4668-BE54-9A1E7A4F7556}") = "LinkedList.Tests", "LinkedList.Tests\LinkedList.Tests.csproj", "{513FE420-2FD5-43CC-9E8D-C9B9651F4864}"
EndProject
Global
	GlobalSection(SolutionConfigurationPlatforms) = preSolution
		Debug|Any CPU = Debug|Any CPU
		Release|Any CPU = Release|Any CPU
	EndGlobalSection
	GlobalSection(ProjectConfigurationPlatforms) = postSolution
		{441686AE-4346-48C7-BEE2-9264DD288C7A}.Debug|Any CPU.ActiveCfg = Debug|Any CPU
		{441686AE-4346-48C7-BEE2-9264DD288C7A}.Debug|Any CPU.Build.0 = Debug|Any CPU
		{441686AE-4346-48C7-BEE2-9264DD288C7A}.Release|Any CPU.ActiveCfg = Release|Any CPU
		{441686AE-4346-48C7-BEE2-9264DD288C7A}.Release|Any CPU.Build.0 = Release|Any CPU
		{513FE420-2FD5-43CC-9E8D-C9B9651F4864}.Debug|Any CPU.ActiveCfg = Debug|Any CPU
		{513FE420-2FD5-43CC-9E8D-C9B9651F4864}.Debug|Any CPU.Build.0 = Debug|Any CPU
		{513FE420-2FD5-43CC-9E8D-C9B9651F4864}.Release|Any CPU.ActiveCfg = Release|Any CPU
		{513FE420-2FD5-43CC-9E8D-C9B9651F4864}.Release|Any CPU.Build.0 = Release|Any CPU
	EndGlobalSection
	GlobalSection(SolutionProperties) = preSolution
		HideSolutionNode = FALSE
	EndGlobalSection
	GlobalSection(ExtensibilityGlobals) = postSolution
		SolutionGuid = {CEF80B7E-22C3-44AE-8A32-8E2FB6A3A349}
	EndGlobalSection
EndGlobal
