
Microsoft Visual Studio Solution File, Format Version 12.00
# Visual Studio 15
VisualStudioVersion = 15.0.28307.779
MinimumVisualStudioVersion = 10.0.40219.1
Project("{FAE04EC0-301F-11D3-BF4B-00C04F79EFBC}") = "Lesson8(LINQ)", "Lesson8(LINQ)\Lesson8(LINQ).csproj", "{02D518DE-6F7B-4DA1-B5F2-64FDEF2B1AAA}"
EndProject
Project("{FAE04EC0-301F-11D3-BF4B-00C04F79EFBC}") = "Lesson8LINQ.Tests", "Lesson8LINQ.Tests\Lesson8LINQ.Tests.csproj", "{6CD1E3F1-CBF0-4F1C-800F-579DB6DC28C4}"
EndProject
Global
	GlobalSection(SolutionConfigurationPlatforms) = preSolution
		Debug|Any CPU = Debug|Any CPU
		Release|Any CPU = Release|Any CPU
	EndGlobalSection
	GlobalSection(ProjectConfigurationPlatforms) = postSolution
		{02D518DE-6F7B-4DA1-B5F2-64FDEF2B1AAA}.Debug|Any CPU.ActiveCfg = Debug|Any CPU
		{02D518DE-6F7B-4DA1-B5F2-64FDEF2B1AAA}.Debug|Any CPU.Build.0 = Debug|Any CPU
		{02D518DE-6F7B-4DA1-B5F2-64FDEF2B1AAA}.Release|Any CPU.ActiveCfg = Release|Any CPU
		{02D518DE-6F7B-4DA1-B5F2-64FDEF2B1AAA}.Release|Any CPU.Build.0 = Release|Any CPU
		{6CD1E3F1-CBF0-4F1C-800F-579DB6DC28C4}.Debug|Any CPU.ActiveCfg = Debug|Any CPU
		{6CD1E3F1-CBF0-4F1C-800F-579DB6DC28C4}.Debug|Any CPU.Build.0 = Debug|Any CPU
		{6CD1E3F1-CBF0-4F1C-800F-579DB6DC28C4}.Release|Any CPU.ActiveCfg = Release|Any CPU
		{6CD1E3F1-CBF0-4F1C-800F-579DB6DC28C4}.Release|Any CPU.Build.0 = Release|Any CPU
	EndGlobalSection
	GlobalSection(SolutionProperties) = preSolution
		HideSolutionNode = FALSE
	EndGlobalSection
	GlobalSection(ExtensibilityGlobals) = postSolution
		SolutionGuid = {A87DD83D-B99B-4A2C-BB15-1085BA9AE614}
	EndGlobalSection
EndGlobal
