
Microsoft Visual Studio Solution File, Format Version 12.00
# Visual Studio 15
VisualStudioVersion = 15.0.28307.779
MinimumVisualStudioVersion = 10.0.40219.1
Project("{FAE04EC0-301F-11D3-BF4B-00C04F79EFBC}") = "Lesson5", "Lesson5\Lesson5.csproj", "{12BA92E5-9B08-43C5-9B09-2E5BCC7AD641}"
EndProject
Project("{FAE04EC0-301F-11D3-BF4B-00C04F79EFBC}") = "Lesson5.Tests", "Lesson5.Tests\Lesson5.Tests.csproj", "{98929A2A-B43B-40D9-B2D0-C1BE60A35A3C}"
EndProject
Global
	GlobalSection(SolutionConfigurationPlatforms) = preSolution
		Debug|Any CPU = Debug|Any CPU
		Release|Any CPU = Release|Any CPU
	EndGlobalSection
	GlobalSection(ProjectConfigurationPlatforms) = postSolution
		{12BA92E5-9B08-43C5-9B09-2E5BCC7AD641}.Debug|Any CPU.ActiveCfg = Debug|Any CPU
		{12BA92E5-9B08-43C5-9B09-2E5BCC7AD641}.Debug|Any CPU.Build.0 = Debug|Any CPU
		{12BA92E5-9B08-43C5-9B09-2E5BCC7AD641}.Release|Any CPU.ActiveCfg = Release|Any CPU
		{12BA92E5-9B08-43C5-9B09-2E5BCC7AD641}.Release|Any CPU.Build.0 = Release|Any CPU
		{98929A2A-B43B-40D9-B2D0-C1BE60A35A3C}.Debug|Any CPU.ActiveCfg = Debug|Any CPU
		{98929A2A-B43B-40D9-B2D0-C1BE60A35A3C}.Debug|Any CPU.Build.0 = Debug|Any CPU
		{98929A2A-B43B-40D9-B2D0-C1BE60A35A3C}.Release|Any CPU.ActiveCfg = Release|Any CPU
		{98929A2A-B43B-40D9-B2D0-C1BE60A35A3C}.Release|Any CPU.Build.0 = Release|Any CPU
	EndGlobalSection
	GlobalSection(SolutionProperties) = preSolution
		HideSolutionNode = FALSE
	EndGlobalSection
	GlobalSection(ExtensibilityGlobals) = postSolution
		SolutionGuid = {B290B984-B188-4788-971D-73AD6E42ED79}
	EndGlobalSection
EndGlobal
