
Microsoft Visual Studio Solution File, Format Version 12.00
# Visual Studio 15
VisualStudioVersion = 15.0.28307.779
MinimumVisualStudioVersion = 10.0.40219.1
Project("{FAE04EC0-301F-11D3-BF4B-00C04F79EFBC}") = "Lesson4Abstracting", "Lesson4Abstracting\Lesson4Abstracting.csproj", "{95A364AD-2B72-4C77-B442-0EB82E97952E}"
EndProject
Project("{FAE04EC0-301F-11D3-BF4B-00C04F79EFBC}") = "Lesson4Abstracting.Facts", "Lesson4Abstracting.Facts\Lesson4Abstracting.Facts.csproj", "{73BCED06-0B7D-4628-AF98-7B470F641325}"
EndProject
Global
	GlobalSection(SolutionConfigurationPlatforms) = preSolution
		Debug|Any CPU = Debug|Any CPU
		Release|Any CPU = Release|Any CPU
	EndGlobalSection
	GlobalSection(ProjectConfigurationPlatforms) = postSolution
		{95A364AD-2B72-4C77-B442-0EB82E97952E}.Debug|Any CPU.ActiveCfg = Debug|Any CPU
		{95A364AD-2B72-4C77-B442-0EB82E97952E}.Debug|Any CPU.Build.0 = Debug|Any CPU
		{95A364AD-2B72-4C77-B442-0EB82E97952E}.Release|Any CPU.ActiveCfg = Release|Any CPU
		{95A364AD-2B72-4C77-B442-0EB82E97952E}.Release|Any CPU.Build.0 = Release|Any CPU
		{73BCED06-0B7D-4628-AF98-7B470F641325}.Debug|Any CPU.ActiveCfg = Debug|Any CPU
		{73BCED06-0B7D-4628-AF98-7B470F641325}.Debug|Any CPU.Build.0 = Debug|Any CPU
		{73BCED06-0B7D-4628-AF98-7B470F641325}.Release|Any CPU.ActiveCfg = Release|Any CPU
		{73BCED06-0B7D-4628-AF98-7B470F641325}.Release|Any CPU.Build.0 = Release|Any CPU
	EndGlobalSection
	GlobalSection(SolutionProperties) = preSolution
		HideSolutionNode = FALSE
	EndGlobalSection
	GlobalSection(ExtensibilityGlobals) = postSolution
		SolutionGuid = {E036B024-E390-4CD1-840B-F0D1A7441FDC}
	EndGlobalSection
EndGlobal
